Microsoft Visual Studio Solution File, Format Version 12.00
# Visual Studio Version 16
VisualStudioVersion = 16.0.29609.76
MinimumVisualStudioVersion = 10.0.40219.1
Project("{9A19103F-16F7-4668-BE54-9A1E7A4F7556}") = "VidlyCore", "VidlyCore\VidlyCore.csproj", "{4D8AD036-86B4-42AB-9135-30A1B34DABEA}"
EndProject
Project("{FAE04EC0-301F-11D3-BF4B-00C04F79EFBC}") = "Test", "Test\Test.csproj", "{95051ECF-5480-42BE-BEEA-C3474F4DB76F}"
EndProject
Global
	GlobalSection(SolutionConfigurationPlatforms) = preSolution
		Debug|Any CPU = Debug|Any CPU
		Release|Any CPU = Release|Any CPU
	EndGlobalSection
	GlobalSection(ProjectConfigurationPlatforms) = postSolution
		{4D8AD036-86B4-42AB-9135-30A1B34DABEA}.Debug|Any CPU.ActiveCfg = Debug|Any CPU
		{4D8AD036-86B4-42AB-9135-30A1B34DABEA}.Debug|Any CPU.Build.0 = Debug|Any CPU
		{4D8AD036-86B4-42AB-9135-30A1B34DABEA}.Release|Any CPU.ActiveCfg = Release|Any CPU
		{4D8AD036-86B4-42AB-9135-30A1B34DABEA}.Release|Any CPU.Build.0 = Release|Any CPU
		{95051ECF-5480-42BE-BEEA-C3474F4DB76F}.Debug|Any CPU.ActiveCfg = Debug|Any CPU
		{95051ECF-5480-42BE-BEEA-C3474F4DB76F}.Debug|Any CPU.Build.0 = Debug|Any CPU
		{95051ECF-5480-42BE-BEEA-C3474F4DB76F}.Release|Any CPU.ActiveCfg = Release|Any CPU
		{95051ECF-5480-42BE-BEEA-C3474F4DB76F}.Release|Any CPU.Build.0 = Release|Any CPU
	EndGlobalSection
	GlobalSection(SolutionProperties) = preSolution
		HideSolutionNode = FALSE
	EndGlobalSection
	GlobalSection(ExtensibilityGlobals) = postSolution
		SolutionGuid = {00671BCE-26C5-46A0-A2D8-070ED4092DAD}
	EndGlobalSection
EndGlobal
